// !$*UTF8*$!
{
	archiveVersion = 1;
	classes = {
	};
	objectVersion = 46;
	objects = {

/* Begin PBXBuildFile section */
		8291E3171C5A26ED0046469E /* main.m in Sources */ = {isa = PBXBuildFile; fileRef = 8291E3161C5A26ED0046469E /* main.m */; };
		8291E31A1C5A26ED0046469E /* AppDelegate.m in Sources */ = {isa = PBXBuildFile; fileRef = 8291E3191C5A26ED0046469E /* AppDelegate.m */; };
		8291E31D1C5A26ED0046469E /* ViewController.m in Sources */ = {isa = PBXBuildFile; fileRef = 8291E31C1C5A26ED0046469E /* ViewController.m */; };
		8291E3201C5A26ED0046469E /* Main.storyboard in Resources */ = {isa = PBXBuildFile; fileRef = 8291E31E1C5A26ED0046469E /* Main.storyboard */; };
		8291E3221C5A26ED0046469E /* Assets.xcassets in Resources */ = {isa = PBXBuildFile; fileRef = 8291E3211C5A26ED0046469E /* Assets.xcassets */; };
		8291E3251C5A26ED0046469E /* LaunchScreen.storyboard in Resources */ = {isa = PBXBuildFile; fileRef = 8291E3231C5A26ED0046469E /* LaunchScreen.storyboard */; };
		8291E3301C5A26ED0046469E /* my____Tests.m in Sources */ = {isa = PBXBuildFile; fileRef = 8291E32F1C5A26ED0046469E /* my____Tests.m */; };
		8291E33B1C5A26ED0046469E /* my____UITests.m in Sources */ = {isa = PBXBuildFile; fileRef = 8291E33A1C5A26ED0046469E /* my____UITests.m */; };
/* End PBXBuildFile section */

/* Begin PBXContainerItemProxy section */
		8291E32C1C5A26ED0046469E /* PBXContainerItemProxy */ = {
			isa = PBXContainerItemProxy;
			containerPortal = 8291E30A1C5A26ED0046469E /* Project object */;
			proxyType = 1;
			remoteGlobalIDString = 8291E3111C5A26ED0046469E;
			remoteInfo = "my牛叉项目";
		};
		8291E3371C5A26ED0046469E /* PBXContainerItemProxy */ = {
			isa = PBXContainerItemProxy;
			containerPortal = 8291E30A1C5A26ED0046469E /* Project object */;
			proxyType = 1;
			remoteGlobalIDString = 8291E3111C5A26ED0046469E;
			remoteInfo = "my牛叉项目";
		};
/* End PBXContainerItemProxy section */

/* Begin PBXFileReference section */
		8291E3121C5A26ED0046469E /* my牛叉项目.app */ = {isa = PBXFileReference; explicitFileType = wrapper.application; includeInIndex = 0; path = "my牛叉项目.app"; sourceTree = BUILT_PRODUCTS_DIR; };
		8291E3161C5A26ED0046469E /* main.m */ = {isa = PBXFileReference; lastKnownFileType = sourcecode.c.objc; path = main.m; sourceTree = "<group>"; };
		8291E3181C5A26ED0046469E /* AppDelegate.h */ = {isa = PBXFileReference; lastKnownFileType = sourcecode.c.h; path = AppDelegate.h; sourceTree = "<group>"; };
		8291E3191C5A26ED0046469E /* AppDelegate.m */ = {isa = PBXFileReference; lastKnownFileType = sourcecode.c.objc; path = AppDelegate.m; sourceTree = "<group>"; };
		8291E31B1C5A26ED0046469E /* ViewController.h */ = {isa = PBXFileReference; lastKnownFileType = sourcecode.c.h; path = ViewController.h; sourceTree = "<group>"; };
		8291E31C1C5A26ED0046469E /* ViewController.m */ = {isa = PBXFileReference; lastKnownFileType = sourcecode.c.objc; path = ViewController.m; sourceTree = "<group>"; };
		8291E31F1C5A26ED0046469E /* Base */ = {isa = PBXFileReference; lastKnownFileType = file.storyboard; name = Base; path = Base.lproj/Main.storyboard; sourceTree = "<group>"; };
		8291E3211C5A26ED0046469E /* Assets.xcassets */ = {isa = PBXFileReference; lastKnownFileType = folder.assetcatalog; path = Assets.xcassets; sourceTree = "<group>"; };
		8291E3241C5A26ED0046469E /* Base */ = {isa = PBXFileReference; lastKnownFileType = file.storyboard; name = Base; path = Base.lproj/LaunchScreen.storyboard; sourceTree = "<group>"; };
		8291E3261C5A26ED0046469E /* Info.plist */ = {isa = PBXFileReference; lastKnownFileType = text.plist.xml; path = Info.plist; sourceTree = "<group>"; };
		8291E32B1C5A26ED0046469E /* my牛叉项目Tests.xctest */ = {isa = PBXFileReference; explicitFileType = wrapper.cfbundle; includeInIndex = 0; path = "my牛叉项目Tests.xctest"; sourceTree = BUILT_PRODUCTS_DIR; };
		8291E32F1C5A26ED0046469E /* my____Tests.m */ = {isa = PBXFileReference; lastKnownFileType = sourcecode.c.objc; path = "my____Tests.m"; sourceTree = "<group>"; };
		8291E3311C5A26ED0046469E /* Info.plist */ = {isa = PBXFileReference; lastKnownFileType = text.plist.xml; path = Info.plist; sourceTree = "<group>"; };
		8291E3361C5A26ED0046469E /* my牛叉项目UITests.xctest */ = {isa = PBXFileReference; explicitFileType = wrapper.cfbundle; includeInIndex = 0; path = "my牛叉项目UITests.xctest"; sourceTree = BUILT_PRODUCTS_DIR; };
		8291E33A1C5A26ED0046469E /* my____UITests.m */ = {isa = PBXFileReference; lastKnownFileType = sourcecode.c.objc; path = "my____UITests.m"; sourceTree = "<group>"; };
		8291E33C1C5A26ED0046469E /* Info.plist */ = {isa = PBXFileReference; lastKnownFileType = text.plist.xml; path = Info.plist; sourceTree = "<group>"; };
/* End PBXFileReference section */

/* Begin PBXFrameworksBuildPhase section */
		8291E30F1C5A26ED0046469E /* Frameworks */ = {
			isa = PBXFrameworksBuildPhase;
			buildActionMask = 2147483647;
			files = (
			);
			runOnlyForDeploymentPostprocessing = 0;
		};
		8291E3281C5A26ED0046469E /* Frameworks */ = {
			isa = PBXFrameworksBuildPhase;
			buildActionMask = 2147483647;
			files = (
			);
			runOnlyForDeploymentPostprocessing = 0;
		};
		8291E3331C5A26ED0046469E /* Frameworks */ = {
			isa = PBXFrameworksBuildPhase;
			buildActionMask = 2147483647;
			files = (
			);
			runOnlyForDeploymentPostprocessing = 0;
		};
/* End PBXFrameworksBuildPhase section */

/* Begin PBXGroup section */
		8291E3091C5A26ED0046469E = {
			isa = PBXGroup;
			children = (
				8291E3141C5A26ED0046469E /* my牛叉项目 */,
				8291E32E1C5A26ED0046469E /* my牛叉项目Tests */,
				8291E3391C5A26ED0046469E /* my牛叉项目UITests */,
				8291E3131C5A26ED0046469E /* Products */,
			);
			sourceTree = "<group>";
		};
		8291E3131C5A26ED0046469E /* Products */ = {
			isa = PBXGroup;
			children = (
				8291E3121C5A26ED0046469E /* my牛叉项目.app */,
				8291E32B1C5A26ED0046469E /* my牛叉项目Tests.xctest */,
				8291E3361C5A26ED0046469E /* my牛叉项目UITests.xctest */,
			);
			name = Products;
			sourceTree = "<group>";
		};
		8291E3141C5A26ED0046469E /* my牛叉项目 */ = {
			isa = PBXGroup;
			children = (
				8291E3181C5A26ED0046469E /* AppDelegate.h */,
				8291E3191C5A26ED0046469E /* AppDelegate.m */,
				8291E31B1C5A26ED0046469E /* ViewController.h */,
				8291E31C1C5A26ED0046469E /* ViewController.m */,
				8291E31E1C5A26ED0046469E /* Main.storyboard */,
				8291E3211C5A26ED0046469E /* Assets.xcassets */,
				8291E3231C5A26ED0046469E /* LaunchScreen.storyboard */,
				8291E3261C5A26ED0046469E /* Info.plist */,
				8291E3151C5A26ED0046469E /* Supporting Files */,
			);
			path = "my牛叉项目";
			sourceTree = "<group>";
		};
		8291E3151C5A26ED0046469E /* Supporting Files */ = {
			isa = PBXGroup;
			children = (
				8291E3161C5A26ED0046469E /* main.m */,
			);
			name = "Supporting Files";
			sourceTree = "<group>";
		};
		8291E32E1C5A26ED0046469E /* my牛叉项目Tests */ = {
			isa = PBXGroup;
			children = (
				8291E32F1C5A26ED0046469E /* my____Tests.m */,
				8291E3311C5A26ED0046469E /* Info.plist */,
			);
			path = "my牛叉项目Tests";
			sourceTree = "<group>";
		};
		8291E3391C5A26ED0046469E /* my牛叉项目UITests */ = {
			isa = PBXGroup;
			children = (
				8291E33A1C5A26ED0046469E /* my____UITests.m */,
				8291E33C1C5A26ED0046469E /* Info.plist */,
			);
			path = "my牛叉项目UITests";
			sourceTree = "<group>";
		};
/* End PBXGroup section */

/* Begin PBXNativeTarget section */
		8291E3111C5A26ED0046469E /* my牛叉项目 */ = {
			isa = PBXNativeTarget;
			buildConfigurationList = 8291E33F1C5A26ED0046469E /* Build configuration list for PBXNativeTarget "my牛叉项目" */;
			buildPhases = (
				8291E30E1C5A26ED0046469E /* Sources */,
				8291E30F1C5A26ED0046469E /* Frameworks */,
				8291E3101C5A26ED0046469E /* Resources */,
			);
			buildRules = (
			);
			dependencies = (
			);
			name = "my牛叉项目";
			productName = "my牛叉项目";
			productReference = 8291E3121C5A26ED0046469E /* my牛叉项目.app */;
			productType = "com.apple.product-type.application";
		};
		8291E32A1C5A26ED0046469E /* my牛叉项目Tests */ = {
			isa = PBXNativeTarget;
			buildConfigurationList = 8291E3421C5A26ED0046469E /* Build configuration list for PBXNativeTarget "my牛叉项目Tests" */;
			buildPhases = (
				8291E3271C5A26ED0046469E /* Sources */,
				8291E3281C5A26ED0046469E /* Frameworks */,
				8291E3291C5A26ED0046469E /* Resources */,
			);
			buildRules = (
			);
			dependencies = (
				8291E32D1C5A26ED0046469E /* PBXTargetDependency */,
			);
			name = "my牛叉项目Tests";
			productName = "my牛叉项目Tests";
			productReference = 8291E32B1C5A26ED0046469E /* my牛叉项目Tests.xctest */;
			productType = "com.apple.product-type.bundle.unit-test";
		};
		8291E3351C5A26ED0046469E /* my牛叉项目UITests */ = {
			isa = PBXNativeTarget;
			buildConfigurationList = 8291E3451C5A26ED0046469E /* Build configuration list for PBXNativeTarget "my牛叉项目UITests" */;
			buildPhases = (
				8291E3321C5A26ED0046469E /* Sources */,
				8291E3331C5A26ED0046469E /* Frameworks */,
				8291E3341C5A26ED0046469E /* Resources */,
			);
			buildRules = (
			);
			dependencies = (
				8291E3381C5A26ED0046469E /* PBXTargetDependency */,
			);
			name = "my牛叉项目UITests";
			productName = "my牛叉项目UITests";
			productReference = 8291E3361C5A26ED0046469E /* my牛叉项目UITests.xctest */;
			productType = "com.apple.product-type.bundle.ui-testing";
		};
/* End PBXNativeTarget section */

/* Begin PBXProject section */
		8291E30A1C5A26ED0046469E /* Project object */ = {
			isa = PBXProject;
			attributes = {
				LastUpgradeCheck = 0710;
				ORGANIZATIONNAME = "李鑫";
				TargetAttributes = {
					8291E3111C5A26ED0046469E = {
						CreatedOnToolsVersion = 7.1.1;
					};
					8291E32A1C5A26ED0046469E = {
						CreatedOnToolsVersion = 7.1.1;
						TestTargetID = 8291E3111C5A26ED0046469E;
					};
					8291E3351C5A26ED0046469E = {
						CreatedOnToolsVersion = 7.1.1;
						TestTargetID = 8291E3111C5A26ED0046469E;
					};
				};
			};
			buildConfigurationList = 8291E30D1C5A26ED0046469E /* Build configuration list for PBXProject "my牛叉项目" */;
			compatibilityVersion = "Xcode 3.2";
			developmentRegion = English;
			hasScannedForEncodings = 0;
			knownRegions = (
				en,
				Base,
			);
			mainGroup = 8291E3091C5A26ED0046469E;
			productRefGroup = 8291E3131C5A26ED0046469E /* Products */;
			projectDirPath = "";
			projectRoot = "";
			targets = (
				8291E3111C5A26ED0046469E /* my牛叉项目 */,
				8291E32A1C5A26ED0046469E /* my牛叉项目Tests */,
				8291E3351C5A26ED0046469E /* my牛叉项目UITests */,
			);
		};
/* End PBXProject section */

/* Begin PBXResourcesBuildPhase section */
		8291E3101C5A26ED0046469E /* Resources */ = {
			isa = PBXResourcesBuildPhase;
			buildActionMask = 2147483647;
			files = (
				8291E3251C5A26ED0046469E /* LaunchScreen.storyboard in Resources */,
				8291E3221C5A26ED0046469E /* Assets.xcassets in Resources */,
				8291E3201C5A26ED0046469E /* Main.storyboard in Resources */,
			);
			runOnlyForDeploymentPostprocessing = 0;
		};
		8291E3291C5A26ED0046469E /* Resources */ = {
			isa = PBXResourcesBuildPhase;
			buildActionMask = 2147483647;
			files = (
			);
			runOnlyForDeploymentPostprocessing = 0;
		};
		8291E3341C5A26ED0046469E /* Resources */ = {
			isa = PBXResourcesBuildPhase;
			buildActionMask = 2147483647;
			files = (
			);
			runOnlyForDeploymentPostprocessing = 0;
		};
/* End PBXResourcesBuildPhase section */

/* Begin PBXSourcesBuildPhase section */
		8291E30E1C5A26ED0046469E /* Sources */ = {
			isa = PBXSourcesBuildPhase;
			buildActionMask = 2147483647;
			files = (
				8291E31D1C5A26ED0046469E /* ViewController.m in Sources */,
				8291E31A1C5A26ED0046469E /* AppDelegate.m in Sources */,
				8291E3171C5A26ED0046469E /* main.m in Sources */,
			);
			runOnlyForDeploymentPostprocessing = 0;
		};
		8291E3271C5A26ED0046469E /* Sources */ = {
			isa = PBXSourcesBuildPhase;
			buildActionMask = 2147483647;
			files = (
				8291E3301C5A26ED0046469E /* my____Tests.m in Sources */,
			);
			runOnlyForDeploymentPostprocessing = 0;
		};
		8291E3321C5A26ED0046469E /* Sources */ = {
			isa = PBXSourcesBuildPhase;
			buildActionMask = 2147483647;
			files = (
				8291E33B1C5A26ED0046469E /* my____UITests.m in Sources */,
			);
			runOnlyForDeploymentPostprocessing = 0;
		};
/* End PBXSourcesBuildPhase section */

/* Begin PBXTargetDependency section */
		8291E32D1C5A26ED0046469E /* PBXTargetDependency */ = {
			isa = PBXTargetDependency;
			target = 8291E3111C5A26ED0046469E /* my牛叉项目 */;
			targetProxy = 8291E32C1C5A26ED0046469E /* PBXContainerItemProxy */;
		};
		8291E3381C5A26ED0046469E /* PBXTargetDependency */ = {
			isa = PBXTargetDependency;
			target = 8291E3111C5A26ED0046469E /* my牛叉项目 */;
			targetProxy = 8291E3371C5A26ED0046469E /* PBXContainerItemProxy */;
		};
/* End PBXTargetDependency section */

/* Begin PBXVariantGroup section */
		8291E31E1C5A26ED0046469E /* Main.storyboard */ = {
			isa = PBXVariantGroup;
			children = (
				8291E31F1C5A26ED0046469E /* Base */,
			);
			name = Main.storyboard;
			sourceTree = "<group>";
		};
		8291E3231C5A26ED0046469E /* LaunchScreen.storyboard */ = {
			isa = PBXVariantGroup;
			children = (
				8291E3241C5A26ED0046469E /* Base */,
			);
			name = LaunchScreen.storyboard;
			sourceTree = "<group>";
		};
/* End PBXVariantGroup section */

/* Begin XCBuildConfiguration section */
		8291E33D1C5A26ED0046469E /* Debug */ = {
			isa = XCBuildConfiguration;
			buildSettings = {
				ALWAYS_SEARCH_USER_PATHS = NO;
				CLANG_CXX_LANGUAGE_STANDARD = "gnu++0x";
				CLANG_CXX_LIBRARY = "libc++";
				CLANG_ENABLE_MODULES = YES;
				CLANG_ENABLE_OBJC_ARC = YES;
				CLANG_WARN_BOOL_CONVERSION = YES;
				CLANG_WARN_CONSTANT_CONVERSION = YES;
				CLANG_WARN_DIRECT_OBJC_ISA_USAGE = YES_ERROR;
				CLANG_WARN_EMPTY_BODY = YES;
				CLANG_WARN_ENUM_CONVERSION = YES;
				CLANG_WARN_INT_CONVERSION = YES;
				CLANG_WARN_OBJC_ROOT_CLASS = YES_ERROR;
				CLANG_WARN_UNREACHABLE_CODE = YES;
				CLANG_WARN__DUPLICATE_METHOD_MATCH = YES;
				"CODE_SIGN_IDENTITY[sdk=iphoneos*]" = "iPhone Developer";
				COPY_PHASE_STRIP = NO;
				DEBUG_INFORMATION_FORMAT = dwarf;
				ENABLE_STRICT_OBJC_MSGSEND = YES;
				ENABLE_TESTABILITY = YES;
				GCC_C_LANGUAGE_STANDARD = gnu99;
				GCC_DYNAMIC_NO_PIC = NO;
				GCC_NO_COMMON_BLOCKS = YES;
				GCC_OPTIMIZATION_LEVEL = 0;
				GCC_PREPROCESSOR_DEFINITIONS = (
					"DEBUG=1",
					"$(inherited)",
				);
				GCC_WARN_64_TO_32_BIT_CONVERSION = YES;
				GCC_WARN_ABOUT_RETURN_TYPE = YES_ERROR;
				GCC_WARN_UNDECLARED_SELECTOR = YES;
				GCC_WARN_UNINITIALIZED_AUTOS = YES_AGGRESSIVE;
				GCC_WARN_UNUSED_FUNCTION = YES;
				GCC_WARN_UNUSED_VARIABLE = YES;
				IPHONEOS_DEPLOYMENT_TARGET = 9.1;
				MTL_ENABLE_DEBUG_INFO = YES;
				ONLY_ACTIVE_ARCH = YES;
				SDKROOT = iphoneos;
			};
			name = Debug;
		};
		8291E33E1C5A26ED0046469E /* Release */ = {
			isa = XCBuildConfiguration;
			buildSettings = {
				ALWAYS_SEARCH_USER_PATHS = NO;
				CLANG_CXX_LANGUAGE_STANDARD = "gnu++0x";
				CLANG_CXX_LIBRARY = "libc++";
				CLANG_ENABLE_MODULES = YES;
				CLANG_ENABLE_OBJC_ARC = YES;
				CLANG_WARN_BOOL_CONVERSION = YES;
				CLANG_WARN_CONSTANT_CONVERSION = YES;
				CLANG_WARN_DIRECT_OBJC_ISA_USAGE = YES_ERROR;
				CLANG_WARN_EMPTY_BODY = YES;
				CLANG_WARN_ENUM_CONVERSION = YES;
				CLANG_WARN_INT_CONVERSION = YES;
				CLANG_WARN_OBJC_ROOT_CLASS = YES_ERROR;
				CLANG_WARN_UNREACHABLE_CODE = YES;
				CLANG_WARN__DUPLICATE_METHOD_MATCH = YES;
				"CODE_SIGN_IDENTITY[sdk=iphoneos*]" = "iPhone Developer";
				COPY_PHASE_STRIP = NO;
				DEBUG_INFORMATION_FORMAT = "dwarf-with-dsym";
				ENABLE_NS_ASSERTIONS = NO;
				ENABLE_STRICT_OBJC_MSGSEND = YES;
				GCC_C_LANGUAGE_STANDARD = gnu99;
				GCC_NO_COMMON_BLOCKS = YES;
				GCC_WARN_64_TO_32_BIT_CONVERSION = YES;
				GCC_WARN_ABOUT_RETURN_TYPE = YES_ERROR;
				GCC_WARN_UNDECLARED_SELECTOR = YES;
				GCC_WARN_UNINITIALIZED_AUTOS = YES_AGGRESSIVE;
				GCC_WARN_UNUSED_FUNCTION = YES;
				GCC_WARN_UNUSED_VARIABLE = YES;
				IPHONEOS_DEPLOYMENT_TARGET = 9.1;
				MTL_ENABLE_DEBUG_INFO = NO;
				SDKROOT = iphoneos;
				VALIDATE_PRODUCT = YES;
			};
			name = Release;
		};
		8291E3401C5A26ED0046469E /* Debug */ = {
			isa = XCBuildConfiguration;
			buildSettings = {
				ASSETCATALOG_COMPILER_APPICON_NAME = AppIcon;
				INFOPLIST_FILE = "my牛叉项目/Info.plist";
				LD_RUNPATH_SEARCH_PATHS = "$(inherited) @executable_path/Frameworks";
				PRODUCT_BUNDLE_IDENTIFIER = "com.lanyikeji.my----";
				PRODUCT_NAME = "$(TARGET_NAME)";
			};
			name = Debug;
		};
		8291E3411C5A26ED0046469E /* Release */ = {
			isa = XCBuildConfiguration;
			buildSettings = {
				ASSETCATALOG_COMPILER_APPICON_NAME = AppIcon;
				INFOPLIST_FILE = "my牛叉项目/Info.plist";
				LD_RUNPATH_SEARCH_PATHS = "$(inherited) @executable_path/Frameworks";
				PRODUCT_BUNDLE_IDENTIFIER = "com.lanyikeji.my----";
				PRODUCT_NAME = "$(TARGET_NAME)";
			};
			name = Release;
		};
		8291E3431C5A26ED0046469E /* Debug */ = {
			isa = XCBuildConfiguration;
			buildSettings = {
				BUNDLE_LOADER = "$(TEST_HOST)";
				INFOPLIST_FILE = "my牛叉项目Tests/Info.plist";
				LD_RUNPATH_SEARCH_PATHS = "$(inherited) @executable_path/Frameworks @loader_path/Frameworks";
				PRODUCT_BUNDLE_IDENTIFIER = "com.lanyikeji.my----Tests";
				PRODUCT_NAME = "$(TARGET_NAME)";
				TEST_HOST = "$(BUILT_PRODUCTS_DIR)/my牛叉项目.app/my牛叉项目";
			};
			name = Debug;
		};
		8291E3441C5A26ED0046469E /* Release */ = {
			isa = XCBuildConfiguration;
			buildSettings = {
				BUNDLE_LOADER = "$(TEST_HOST)";
				INFOPLIST_FILE = "my牛叉项目Tests/Info.plist";
				LD_RUNPATH_SEARCH_PATHS = "$(inherited) @executable_path/Frameworks @loader_path/Frameworks";
				PRODUCT_BUNDLE_IDENTIFIER = "com.lanyikeji.my----Tests";
				PRODUCT_NAME = "$(TARGET_NAME)";
				TEST_HOST = "$(BUILT_PRODUCTS_DIR)/my牛叉项目.app/my牛叉项目";
			};
			name = Release;
		};
		8291E3461C5A26ED0046469E /* Debug */ = {
			isa = XCBuildConfiguration;
			buildSettings = {
				INFOPLIST_FILE = "my牛叉项目UITests/Info.plist";
				LD_RUNPATH_SEARCH_PATHS = "$(inherited) @executable_path/Frameworks @loader_path/Frameworks";
				PRODUCT_BUNDLE_IDENTIFIER = "com.lanyikeji.my----UITests";
				PRODUCT_NAME = "$(TARGET_NAME)";
				TEST_TARGET_NAME = "my牛叉项目";
				USES_XCTRUNNER = YES;
			};
			name = Debug;
		};
		8291E3471C5A26ED0046469E /* Release */ = {
			isa = XCBuildConfiguration;
			buildSettings = {
				INFOPLIST_FILE = "my牛叉项目UITests/Info.plist";
				LD_RUNPATH_SEARCH_PATHS = "$(inherited) @executable_path/Frameworks @loader_path/Frameworks";
				PRODUCT_BUNDLE_IDENTIFIER = "com.lanyikeji.my----UITests";
				PRODUCT_NAME = "$(TARGET_NAME)";
				TEST_TARGET_NAME = "my牛叉项目";
				USES_XCTRUNNER = YES;
			};
			name = Release;
		};
/* End XCBuildConfiguration section */

/* Begin XCConfigurationList section */
		8291E30D1C5A26ED0046469E /* Build configuration list for PBXProject "my牛叉项目" */ = {
			isa = XCConfigurationList;
			buildConfigurations = (
				8291E33D1C5A26ED0046469E /* Debug */,
				8291E33E1C5A26ED0046469E /* Release */,
			);
			defaultConfigurationIsVisible = 0;
			defaultConfigurationName = Release;
		};
		8291E33F1C5A26ED0046469E /* Build configuration list for PBXNativeTarget "my牛叉项目" */ = {
			isa = XCConfigurationList;
			buildConfigurations = (
				8291E3401C5A26ED0046469E /* Debug */,
				8291E3411C5A26ED0046469E /* Release */,
			);
			defaultConfigurationIsVisible = 0;
		};
		8291E3421C5A26ED0046469E /* Build configuration list for PBXNativeTarget "my牛叉项目Tests" */ = {
			isa = XCConfigurationList;
			buildConfigurations = (
				8291E3431C5A26ED0046469E /* Debug */,
				8291E3441C5A26ED0046469E /* Release */,
			);
			defaultConfigurationIsVisible = 0;
		};
		8291E3451C5A26ED0046469E /* Build configuration list for PBXNativeTarget "my牛叉项目UITests" */ = {
			isa = XCConfigurationList;
			buildConfigurations = (
				8291E3461C5A26ED0046469E /* Debug */,
				8291E3471C5A26ED0046469E /* Release */,
			);
			defaultConfigurationIsVisible = 0;
		};
/* End XCConfigurationList section */
	};
	rootObject = 8291E30A1C5A26ED0046469E /* Project object */;
}
